// !$*UTF8*$!
{
	archiveVersion = 1;
	classes = {
	};
	objectVersion = 48;
	objects = {

/* Begin PBXBuildFile section */
		08BF4CCB204CDD2700A2974C /* main.cpp in Sources */ = {isa = PBXBuildFile; fileRef = 08BF4CCA204CDD2700A2974C /* main.cpp */; };
		08C12819204CE28D004845A9 /* OpenGL.framework in Frameworks */ = {isa = PBXBuildFile; fileRef = 08C12818204CE28D004845A9 /* OpenGL.framework */; };
		08C1281B204CE297004845A9 /* Cocoa.framework in Frameworks */ = {isa = PBXBuildFile; fileRef = 08C1281A204CE297004845A9 /* Cocoa.framework */; };
		08C1281D204CE2A3004845A9 /* IOKit.framework in Frameworks */ = {isa = PBXBuildFile; fileRef = 08C1281C204CE2A3004845A9 /* IOKit.framework */; };
		08C1281F204CE2B7004845A9 /* libz.tbd in Frameworks */ = {isa = PBXBuildFile; fileRef = 08C1281E204CE2B7004845A9 /* libz.tbd */; };
/* End PBXBuildFile section */

/* Begin PBXCopyFilesBuildPhase section */
		08BF4CC5204CDD2700A2974C /* CopyFiles */ = {
			isa = PBXCopyFilesBuildPhase;
			buildActionMask = 2147483647;
			dstPath = /usr/share/man/man1/;
			dstSubfolderSpec = 0;
			files = (
			);
			runOnlyForDeploymentPostprocessing = 1;
		};
/* End PBXCopyFilesBuildPhase section */

/* Begin PBXFileReference section */
		08BF4CC7204CDD2700A2974C /* PCLTest */ = {isa = PBXFileReference; explicitFileType = "compiled.mach-o.executable"; includeInIndex = 0; path = PCLTest; sourceTree = BUILT_PRODUCTS_DIR; };
		08BF4CCA204CDD2700A2974C /* main.cpp */ = {isa = PBXFileReference; lastKnownFileType = sourcecode.cpp.cpp; path = main.cpp; sourceTree = "<group>"; };
		08C12818204CE28D004845A9 /* OpenGL.framework */ = {isa = PBXFileReference; lastKnownFileType = wrapper.framework; name = OpenGL.framework; path = System/Library/Frameworks/OpenGL.framework; sourceTree = SDKROOT; };
		08C1281A204CE297004845A9 /* Cocoa.framework */ = {isa = PBXFileReference; lastKnownFileType = wrapper.framework; name = Cocoa.framework; path = System/Library/Frameworks/Cocoa.framework; sourceTree = SDKROOT; };
		08C1281C204CE2A3004845A9 /* IOKit.framework */ = {isa = PBXFileReference; lastKnownFileType = wrapper.framework; name = IOKit.framework; path = System/Library/Frameworks/IOKit.framework; sourceTree = SDKROOT; };
		08C1281E204CE2B7004845A9 /* libz.tbd */ = {isa = PBXFileReference; lastKnownFileType = "sourcecode.text-based-dylib-definition"; name = libz.tbd; path = usr/lib/libz.tbd; sourceTree = SDKROOT; };
/* End PBXFileReference section */

/* Begin PBXFrameworksBuildPhase section */
		08BF4CC4204CDD2700A2974C /* Frameworks */ = {
			isa = PBXFrameworksBuildPhase;
			buildActionMask = 2147483647;
			files = (
				08C1281F204CE2B7004845A9 /* libz.tbd in Frameworks */,
				08C1281D204CE2A3004845A9 /* IOKit.framework in Frameworks */,
				08C1281B204CE297004845A9 /* Cocoa.framework in Frameworks */,
				08C12819204CE28D004845A9 /* OpenGL.framework in Frameworks */,
			);
			runOnlyForDeploymentPostprocessing = 0;
		};
/* End PBXFrameworksBuildPhase section */

/* Begin PBXGroup section */
		08BF4CBE204CDD2700A2974C = {
			isa = PBXGroup;
			children = (
				08BF4CC9204CDD2700A2974C /* PCLTest */,
				08BF4CC8204CDD2700A2974C /* Products */,
				08C12817204CE28D004845A9 /* Frameworks */,
			);
			sourceTree = "<group>";
		};
		08BF4CC8204CDD2700A2974C /* Products */ = {
			isa = PBXGroup;
			children = (
				08BF4CC7204CDD2700A2974C /* PCLTest */,
			);
			name = Products;
			sourceTree = "<group>";
		};
		08BF4CC9204CDD2700A2974C /* PCLTest */ = {
			isa = PBXGroup;
			children = (
				08BF4CCA204CDD2700A2974C /* main.cpp */,
			);
			path = PCLTest;
			sourceTree = "<group>";
		};
		08C12817204CE28D004845A9 /* Frameworks */ = {
			isa = PBXGroup;
			children = (
				08C1281E204CE2B7004845A9 /* libz.tbd */,
				08C1281C204CE2A3004845A9 /* IOKit.framework */,
				08C1281A204CE297004845A9 /* Cocoa.framework */,
				08C12818204CE28D004845A9 /* OpenGL.framework */,
			);
			name = Frameworks;
			sourceTree = "<group>";
		};
/* End PBXGroup section */

/* Begin PBXNativeTarget section */
		08BF4CC6204CDD2700A2974C /* PCLTest */ = {
			isa = PBXNativeTarget;
			buildConfigurationList = 08BF4CCE204CDD2700A2974C /* Build configuration list for PBXNativeTarget "PCLTest" */;
			buildPhases = (
				08BF4CC3204CDD2700A2974C /* Sources */,
				08BF4CC4204CDD2700A2974C /* Frameworks */,
				08BF4CC5204CDD2700A2974C /* CopyFiles */,
			);
			buildRules = (
			);
			dependencies = (
			);
			name = PCLTest;
			productName = PCLTest;
			productReference = 08BF4CC7204CDD2700A2974C /* PCLTest */;
			productType = "com.apple.product-type.tool";
		};
/* End PBXNativeTarget section */

/* Begin PBXProject section */
		08BF4CBF204CDD2700A2974C /* Project object */ = {
			isa = PBXProject;
			attributes = {
				LastUpgradeCheck = 0920;
				ORGANIZATIONNAME = moccow;
				TargetAttributes = {
					08BF4CC6204CDD2700A2974C = {
						CreatedOnToolsVersion = 9.2;
						ProvisioningStyle = Automatic;
					};
				};
			};
			buildConfigurationList = 08BF4CC2204CDD2700A2974C /* Build configuration list for PBXProject "PCLTest" */;
			compatibilityVersion = "Xcode 8.0";
			developmentRegion = en;
			hasScannedForEncodings = 0;
			knownRegions = (
				en,
			);
			mainGroup = 08BF4CBE204CDD2700A2974C;
			productRefGroup = 08BF4CC8204CDD2700A2974C /* Products */;
			projectDirPath = "";
			projectRoot = "";
			targets = (
				08BF4CC6204CDD2700A2974C /* PCLTest */,
			);
		};
/* End PBXProject section */

/* Begin PBXSourcesBuildPhase section */
		08BF4CC3204CDD2700A2974C /* Sources */ = {
			isa = PBXSourcesBuildPhase;
			buildActionMask = 2147483647;
			files = (
				08BF4CCB204CDD2700A2974C /* main.cpp in Sources */,
			);
			runOnlyForDeploymentPostprocessing = 0;
		};
/* End PBXSourcesBuildPhase section */

/* Begin XCBuildConfiguration section */
		08BF4CCC204CDD2700A2974C /* Debug */ = {
			isa = XCBuildConfiguration;
			buildSettings = {
				ALWAYS_SEARCH_USER_PATHS = NO;
				CLANG_ANALYZER_NONNULL = YES;
				CLANG_ANALYZER_NUMBER_OBJECT_CONVERSION = YES_AGGRESSIVE;
				CLANG_CXX_LANGUAGE_STANDARD = "gnu++14";
				CLANG_CXX_LIBRARY = "libc++";
				CLANG_ENABLE_MODULES = YES;
				CLANG_ENABLE_OBJC_ARC = YES;
				CLANG_WARN_BLOCK_CAPTURE_AUTORELEASING = YES;
				CLANG_WARN_BOOL_CONVERSION = YES;
				CLANG_WARN_COMMA = YES;
				CLANG_WARN_CONSTANT_CONVERSION = YES;
				CLANG_WARN_DIRECT_OBJC_ISA_USAGE = YES_ERROR;
				CLANG_WARN_DOCUMENTATION_COMMENTS = YES;
				CLANG_WARN_EMPTY_BODY = YES;
				CLANG_WARN_ENUM_CONVERSION = YES;
				CLANG_WARN_INFINITE_RECURSION = YES;
				CLANG_WARN_INT_CONVERSION = YES;
				CLANG_WARN_NON_LITERAL_NULL_CONVERSION = YES;
				CLANG_WARN_OBJC_LITERAL_CONVERSION = YES;
				CLANG_WARN_OBJC_ROOT_CLASS = YES_ERROR;
				CLANG_WARN_RANGE_LOOP_ANALYSIS = YES;
				CLANG_WARN_STRICT_PROTOTYPES = YES;
				CLANG_WARN_SUSPICIOUS_MOVE = YES;
				CLANG_WARN_UNGUARDED_AVAILABILITY = YES_AGGRESSIVE;
				CLANG_WARN_UNREACHABLE_CODE = YES;
				CLANG_WARN__DUPLICATE_METHOD_MATCH = YES;
				CODE_SIGN_IDENTITY = "-";
				COPY_PHASE_STRIP = NO;
				DEBUG_INFORMATION_FORMAT = dwarf;
				ENABLE_STRICT_OBJC_MSGSEND = YES;
				ENABLE_TESTABILITY = YES;
				GCC_C_LANGUAGE_STANDARD = gnu11;
				GCC_DYNAMIC_NO_PIC = NO;
				GCC_NO_COMMON_BLOCKS = YES;
				GCC_OPTIMIZATION_LEVEL = 0;
				GCC_PREPROCESSOR_DEFINITIONS = (
					"DEBUG=1",
					"$(inherited)",
				);
				GCC_WARN_64_TO_32_BIT_CONVERSION = YES;
				GCC_WARN_ABOUT_RETURN_TYPE = YES_ERROR;
				GCC_WARN_UNDECLARED_SELECTOR = YES;
				GCC_WARN_UNINITIALIZED_AUTOS = YES_AGGRESSIVE;
				GCC_WARN_UNUSED_FUNCTION = YES;
				GCC_WARN_UNUSED_VARIABLE = YES;
				MACOSX_DEPLOYMENT_TARGET = 10.12;
				MTL_ENABLE_DEBUG_INFO = YES;
				ONLY_ACTIVE_ARCH = YES;
				SDKROOT = macosx;
			};
			name = Debug;
		};
		08BF4CCD204CDD2700A2974C /* Release */ = {
			isa = XCBuildConfiguration;
			buildSettings = {
				ALWAYS_SEARCH_USER_PATHS = NO;
				CLANG_ANALYZER_NONNULL = YES;
				CLANG_ANALYZER_NUMBER_OBJECT_CONVERSION = YES_AGGRESSIVE;
				CLANG_CXX_LANGUAGE_STANDARD = "gnu++14";
				CLANG_CXX_LIBRARY = "libc++";
				CLANG_ENABLE_MODULES = YES;
				CLANG_ENABLE_OBJC_ARC = YES;
				CLANG_WARN_BLOCK_CAPTURE_AUTORELEASING = YES;
				CLANG_WARN_BOOL_CONVERSION = YES;
				CLANG_WARN_COMMA = YES;
				CLANG_WARN_CONSTANT_CONVERSION = YES;
				CLANG_WARN_DIRECT_OBJC_ISA_USAGE = YES_ERROR;
				CLANG_WARN_DOCUMENTATION_COMMENTS = YES;
				CLANG_WARN_EMPTY_BODY = YES;
				CLANG_WARN_ENUM_CONVERSION = YES;
				CLANG_WARN_INFINITE_RECURSION = YES;
				CLANG_WARN_INT_CONVERSION = YES;
				CLANG_WARN_NON_LITERAL_NULL_CONVERSION = YES;
				CLANG_WARN_OBJC_LITERAL_CONVERSION = YES;
				CLANG_WARN_OBJC_ROOT_CLASS = YES_ERROR;
				CLANG_WARN_RANGE_LOOP_ANALYSIS = YES;
				CLANG_WARN_STRICT_PROTOTYPES = YES;
				CLANG_WARN_SUSPICIOUS_MOVE = YES;
				CLANG_WARN_UNGUARDED_AVAILABILITY = YES_AGGRESSIVE;
				CLANG_WARN_UNREACHABLE_CODE = YES;
				CLANG_WARN__DUPLICATE_METHOD_MATCH = YES;
				CODE_SIGN_IDENTITY = "-";
				COPY_PHASE_STRIP = NO;
				DEBUG_INFORMATION_FORMAT = "dwarf-with-dsym";
				ENABLE_NS_ASSERTIONS = NO;
				ENABLE_STRICT_OBJC_MSGSEND = YES;
				GCC_C_LANGUAGE_STANDARD = gnu11;
				GCC_NO_COMMON_BLOCKS = YES;
				GCC_WARN_64_TO_32_BIT_CONVERSION = YES;
				GCC_WARN_ABOUT_RETURN_TYPE = YES_ERROR;
				GCC_WARN_UNDECLARED_SELECTOR = YES;
				GCC_WARN_UNINITIALIZED_AUTOS = YES_AGGRESSIVE;
				GCC_WARN_UNUSED_FUNCTION = YES;
				GCC_WARN_UNUSED_VARIABLE = YES;
				MACOSX_DEPLOYMENT_TARGET = 10.12;
				MTL_ENABLE_DEBUG_INFO = NO;
				SDKROOT = macosx;
			};
			name = Release;
		};
		08BF4CCF204CDD2700A2974C /* Debug */ = {
			isa = XCBuildConfiguration;
			buildSettings = {
				CODE_SIGN_STYLE = Automatic;
				HEADER_SEARCH_PATHS = (
					"/usr/local/include/pcl-1.8",
					/usr/local/include/eigen3,
					/usr/local/include,
				);
				LIBRARY_SEARCH_PATHS = (
					/usr/local/lib,
					/usr/local/Cellar/vtk/8.1.0/lib,
					/usr/local/Cellar/boost/1.66.0/lib,
				);
				OTHER_LDFLAGS = (
					"-lpcl_common",
					"-lpcl_io",
					"-lpcl_filters",
					"-lboost_thread-mt",
					"-lboost_system-mt",
				);
				PRODUCT_NAME = "$(TARGET_NAME)";
			};
			name = Debug;
		};
		08BF4CD0204CDD2700A2974C /* Release */ = {
			isa = XCBuildConfiguration;
			buildSettings = {
				CODE_SIGN_STYLE = Automatic;
				HEADER_SEARCH_PATHS = (
					"/usr/local/include/pcl-1.8",
					/usr/local/include/eigen3,
					/usr/local/include,
				);
				LIBRARY_SEARCH_PATHS = (
					/usr/local/lib,
					/usr/local/Cellar/vtk/8.1.0/lib,
					/usr/local/Cellar/boost/1.66.0/lib,
				);
				OTHER_LDFLAGS = (
					"-lpcl_common",
					"-lpcl_io",
					"-lpcl_filters",
					"-lboost_thread-mt",
					"-lboost_system-mt",
				);
				PRODUCT_NAME = "$(TARGET_NAME)";
			};
			name = Release;
		};
/* End XCBuildConfiguration section */

/* Begin XCConfigurationList section */
		08BF4CC2204CDD2700A2974C /* Build configuration list for PBXProject "PCLTest" */ = {
			isa = XCConfigurationList;
			buildConfigurations = (
				08BF4CCC204CDD2700A2974C /* Debug */,
				08BF4CCD204CDD2700A2974C /* Release */,
			);
			defaultConfigurationIsVisible = 0;
			defaultConfigurationName = Release;
		};
		08BF4CCE204CDD2700A2974C /* Build configuration list for PBXNativeTarget "PCLTest" */ = {
			isa = XCConfigurationList;
			buildConfigurations = (
				08BF4CCF204CDD2700A2974C /* Debug */,
				08BF4CD0204CDD2700A2974C /* Release */,
			);
			defaultConfigurationIsVisible = 0;
			defaultConfigurationName = Release;
		};
/* End XCConfigurationList section */
	};
	rootObject = 08BF4CBF204CDD2700A2974C /* Project object */;
}
